
Microsoft Visual Studio Solution File, Format Version 12.00
# Visual Studio 15
VisualStudioVersion = 15.0.27703.2000
MinimumVisualStudioVersion = 10.0.40219.1
Project("{FAE04EC0-301F-11D3-BF4B-00C04F79EFBC}") = "Soap", "Soap\Soap.csproj", "{E657ADA9-8C6F-476F-8D8B-9C04B79B610D}"
EndProject
Global
	GlobalSection(SolutionConfigurationPlatforms) = preSolution
		Debug|Any CPU = Debug|Any CPU
		Release|Any CPU = Release|Any CPU
	EndGlobalSection
	GlobalSection(ProjectConfigurationPlatforms) = postSolution
		{E657ADA9-8C6F-476F-8D8B-9C04B79B610D}.Debug|Any CPU.ActiveCfg = Debug|Any CPU
		{E657ADA9-8C6F-476F-8D8B-9C04B79B610D}.Debug|Any CPU.Build.0 = Debug|Any CPU
		{E657ADA9-8C6F-476F-8D8B-9C04B79B610D}.Release|Any CPU.ActiveCfg = Release|Any CPU
		{E657ADA9-8C6F-476F-8D8B-9C04B79B610D}.Release|Any CPU.Build.0 = Release|Any CPU
	EndGlobalSection
	GlobalSection(SolutionProperties) = preSolution
		HideSolutionNode = FALSE
	EndGlobalSection
	GlobalSection(ExtensibilityGlobals) = postSolution
		SolutionGuid = {8D5AC6F1-DB3B-4D66-BE82-03728AEA98A7}
	EndGlobalSection
EndGlobal
